{
    "_readme": [
        "This file locks the dependencies of your project to a known state",
        "Read more about it at https://getcomposer.org/doc/01-basic-usage.md#installing-dependencies",
        "This file is @generated automatically"
    ],
    "content-hash": "236e0e2346e44fd2e0ff7ca8434faa36",
    "packages": [
        {
            "name": "meta-box/support",
            "version": "dev-master",
            "source": {
                "type": "git",
                "url": "https://github.com/wpmetabox/support.git",
                "reference": "21ac638244f63c9372ff9958810552a1a26135d9"
            },
            "default-branch": true,
            "type": "library",
            "autoload": {
                "psr-4": {
                    "MetaBox\\Support\\": ""
                }
            },
            "license": [
                "GNU GPL-2.0"
            ],
            "description": "Helpers for Meta Box plugins",
            "homepage": "https://metabox.io",
            "time": "2022-07-27T10:00:48+00:00"
        }
    ],
    "packages-dev": [],
    "aliases": [],
    "minimum-stability": "stable",
    "stability-flags": {
        "meta-box/support": 20
    },
    "prefer-stable": false,
    "prefer-lowest": false,
    "platform": [],
    "platform-dev": [],
    "plugin-api-version": "2.3.0"
}
